
Microsoft Visual Studio Solution File, Format Version 12.00
# Visual Studio Version 17
VisualStudioVersion = 17.5.002.0
MinimumVisualStudioVersion = 10.0.40219.1
Project("{2150E333-8FDC-42A3-9474-1A3956D46DE8}") = "csharp-prep", "csharp-prep", "{BD442C87-256B-4E97-B0E7-2C2ED805CF90}"
EndProject
Project("{9A19103F-16F7-4668-BE54-9A1E7A4F7556}") = "Prep1", "csharp-prep\Prep1\Prep1.csproj", "{4972D7CF-139D-4B6E-84D7-20FBC671B6B3}"
EndProject
Project("{9A19103F-16F7-4668-BE54-9A1E7A4F7556}") = "Prep2", "csharp-prep\Prep2\Prep2.csproj", "{CE17A486-B525-43F2-A05E-621A09C96036}"
EndProject
Project("{9A19103F-16F7-4668-BE54-9A1E7A4F7556}") = "Prep3", "csharp-prep\Prep3\Prep3.csproj", "{84630A8A-5682-4492-8A9E-AE33DFBE5C92}"
EndProject
Project("{9A19103F-16F7-4668-BE54-9A1E7A4F7556}") = "Prep4", "csharp-prep\Prep4\Prep4.csproj", "{9002A06E-634C-40C9-94F0-A70DBA4A74A5}"
EndProject
Project("{9A19103F-16F7-4668-BE54-9A1E7A4F7556}") = "Prep5", "csharp-prep\Prep5\Prep5.csproj", "{284BC079-55BB-4C5E-98C7-AD9D735B7E68}"
EndProject
Project("{2150E333-8FDC-42A3-9474-1A3956D46DE8}") = "final", "final", "{5FCB4858-24AF-4CBA-906B-ACB22D66913A}"
EndProject
Project("{9A19103F-16F7-4668-BE54-9A1E7A4F7556}") = "FinalProject", "final\FinalProject\FinalProject.csproj", "{FA63C451-F375-43ED-91F9-1F532A907F24}"
EndProject
Project("{9A19103F-16F7-4668-BE54-9A1E7A4F7556}") = "Foundation1", "final\Foundation1\Foundation1.csproj", "{D836DC5D-2AF1-4CBA-BAEC-4CA8F4B232CA}"
EndProject
Project("{9A19103F-16F7-4668-BE54-9A1E7A4F7556}") = "Foundation2", "final\Foundation2\Foundation2.csproj", "{D942003B-4A90-4497-AE42-4851460D673F}"
EndProject
Project("{9A19103F-16F7-4668-BE54-9A1E7A4F7556}") = "Foundation3", "final\Foundation3\Foundation3.csproj", "{08794079-BD06-4197-BE31-176EB37854BB}"
EndProject
Project("{9A19103F-16F7-4668-BE54-9A1E7A4F7556}") = "Foundation4", "final\Foundation4\Foundation4.csproj", "{66311BAC-5DD1-415D-A9C1-0051634D0FAE}"
EndProject
Project("{2150E333-8FDC-42A3-9474-1A3956D46DE8}") = "prepare", "prepare", "{FF1E6E32-49E4-483A-BE02-F426DBA5D06D}"
EndProject
Project("{9A19103F-16F7-4668-BE54-9A1E7A4F7556}") = "Learning02", "prepare\Learning02\Learning02.csproj", "{CE51C78D-5478-49F5-B42A-97A86724809A}"
EndProject
Project("{9A19103F-16F7-4668-BE54-9A1E7A4F7556}") = "Learning03", "prepare\Learning03\Learning03.csproj", "{5A840CEE-48B9-463E-9DFC-D0C136531073}"
EndProject
Project("{9A19103F-16F7-4668-BE54-9A1E7A4F7556}") = "Learning04", "prepare\Learning04\Learning04.csproj", "{63F493AB-D96F-4523-A034-318818C4E787}"
EndProject
Project("{9A19103F-16F7-4668-BE54-9A1E7A4F7556}") = "Learning05", "prepare\Learning05\Learning05.csproj", "{DA5EDC48-BF84-43A9-A9A3-93CCEBE374BB}"
EndProject
Project("{2150E333-8FDC-42A3-9474-1A3956D46DE8}") = "prove", "prove", "{C6AA8B86-E107-4914-91DC-AFFA63EB643E}"
EndProject
Project("{9A19103F-16F7-4668-BE54-9A1E7A4F7556}") = "Develop02", "prove\Develop02\Develop02.csproj", "{5662106B-CBEB-4727-A0F5-26D9250E1E41}"
EndProject
Project("{9A19103F-16F7-4668-BE54-9A1E7A4F7556}") = "Develop03", "prove\Develop03\Develop03.csproj", "{5C815D79-62FD-4D88-91CB-513C4D6DDA26}"
EndProject
Project("{9A19103F-16F7-4668-BE54-9A1E7A4F7556}") = "Develop04", "prove\Develop04\Develop04.csproj", "{EF1032FE-FEFA-4A71-AA2C-C32F8B68AFEF}"
EndProject
Project("{9A19103F-16F7-4668-BE54-9A1E7A4F7556}") = "Develop05", "prove\Develop05\Develop05.csproj", "{A32C468F-BBB9-4222-AEC6-A37FD7CCB0D7}"
EndProject
Project("{2150E333-8FDC-42A3-9474-1A3956D46DE8}") = "sandbox", "sandbox", "{CFA746D3-A2D0-4335-A88D-137FF7244416}"
EndProject
Project("{9A19103F-16F7-4668-BE54-9A1E7A4F7556}") = "Sandbox", "sandbox\Sandbox\Sandbox.csproj", "{11D9E11F-7A25-4182-8348-35E32E2D299E}"
EndProject
Global
	GlobalSection(SolutionConfigurationPlatforms) = preSolution
		Debug|Any CPU = Debug|Any CPU
		Release|Any CPU = Release|Any CPU
	EndGlobalSection
	GlobalSection(ProjectConfigurationPlatforms) = postSolution
		{4972D7CF-139D-4B6E-84D7-20FBC671B6B3}.Debug|Any CPU.ActiveCfg = Debug|Any CPU
		{4972D7CF-139D-4B6E-84D7-20FBC671B6B3}.Debug|Any CPU.Build.0 = Debug|Any CPU
		{4972D7CF-139D-4B6E-84D7-20FBC671B6B3}.Release|Any CPU.ActiveCfg = Release|Any CPU
		{4972D7CF-139D-4B6E-84D7-20FBC671B6B3}.Release|Any CPU.Build.0 = Release|Any CPU
		{CE17A486-B525-43F2-A05E-621A09C96036}.Debug|Any CPU.ActiveCfg = Debug|Any CPU
		{CE17A486-B525-43F2-A05E-621A09C96036}.Debug|Any CPU.Build.0 = Debug|Any CPU
		{CE17A486-B525-43F2-A05E-621A09C96036}.Release|Any CPU.ActiveCfg = Release|Any CPU
		{CE17A486-B525-43F2-A05E-621A09C96036}.Release|Any CPU.Build.0 = Release|Any CPU
		{84630A8A-5682-4492-8A9E-AE33DFBE5C92}.Debug|Any CPU.ActiveCfg = Debug|Any CPU
		{84630A8A-5682-4492-8A9E-AE33DFBE5C92}.Debug|Any CPU.Build.0 = Debug|Any CPU
		{84630A8A-5682-4492-8A9E-AE33DFBE5C92}.Release|Any CPU.ActiveCfg = Release|Any CPU
		{84630A8A-5682-4492-8A9E-AE33DFBE5C92}.Release|Any CPU.Build.0 = Release|Any CPU
		{9002A06E-634C-40C9-94F0-A70DBA4A74A5}.Debug|Any CPU.ActiveCfg = Debug|Any CPU
		{9002A06E-634C-40C9-94F0-A70DBA4A74A5}.Debug|Any CPU.Build.0 = Debug|Any CPU
		{9002A06E-634C-40C9-94F0-A70DBA4A74A5}.Release|Any CPU.ActiveCfg = Release|Any CPU
		{9002A06E-634C-40C9-94F0-A70DBA4A74A5}.Release|Any CPU.Build.0 = Release|Any CPU
		{284BC079-55BB-4C5E-98C7-AD9D735B7E68}.Debug|Any CPU.ActiveCfg = Debug|Any CPU
		{284BC079-55BB-4C5E-98C7-AD9D735B7E68}.Debug|Any CPU.Build.0 = Debug|Any CPU
		{284BC079-55BB-4C5E-98C7-AD9D735B7E68}.Release|Any CPU.ActiveCfg = Release|Any CPU
		{284BC079-55BB-4C5E-98C7-AD9D735B7E68}.Release|Any CPU.Build.0 = Release|Any CPU
		{FA63C451-F375-43ED-91F9-1F532A907F24}.Debug|Any CPU.ActiveCfg = Debug|Any CPU
		{FA63C451-F375-43ED-91F9-1F532A907F24}.Debug|Any CPU.Build.0 = Debug|Any CPU
		{FA63C451-F375-43ED-91F9-1F532A907F24}.Release|Any CPU.ActiveCfg = Release|Any CPU
		{FA63C451-F375-43ED-91F9-1F532A907F24}.Release|Any CPU.Build.0 = Release|Any CPU
		{D836DC5D-2AF1-4CBA-BAEC-4CA8F4B232CA}.Debug|Any CPU.ActiveCfg = Debug|Any CPU
		{D836DC5D-2AF1-4CBA-BAEC-4CA8F4B232CA}.Debug|Any CPU.Build.0 = Debug|Any CPU
		{D836DC5D-2AF1-4CBA-BAEC-4CA8F4B232CA}.Release|Any CPU.ActiveCfg = Release|Any CPU
		{D836DC5D-2AF1-4CBA-BAEC-4CA8F4B232CA}.Release|Any CPU.Build.0 = Release|Any CPU
		{D942003B-4A90-4497-AE42-4851460D673F}.Debug|Any CPU.ActiveCfg = Debug|Any CPU
		{D942003B-4A90-4497-AE42-4851460D673F}.Debug|Any CPU.Build.0 = Debug|Any CPU
		{D942003B-4A90-4497-AE42-4851460D673F}.Release|Any CPU.ActiveCfg = Release|Any CPU
		{D942003B-4A90-4497-AE42-4851460D673F}.Release|Any CPU.Build.0 = Release|Any CPU
		{08794079-BD06-4197-BE31-176EB37854BB}.Debug|Any CPU.ActiveCfg = Debug|Any CPU
		{08794079-BD06-4197-BE31-176EB37854BB}.Debug|Any CPU.Build.0 = Debug|Any CPU
		{08794079-BD06-4197-BE31-176EB37854BB}.Release|Any CPU.ActiveCfg = Release|Any CPU
		{08794079-BD06-4197-BE31-176EB37854BB}.Release|Any CPU.Build.0 = Release|Any CPU
		{66311BAC-5DD1-415D-A9C1-0051634D0FAE}.Debug|Any CPU.ActiveCfg = Debug|Any CPU
		{66311BAC-5DD1-415D-A9C1-0051634D0FAE}.Debug|Any CPU.Build.0 = Debug|Any CPU
		{66311BAC-5DD1-415D-A9C1-0051634D0FAE}.Release|Any CPU.ActiveCfg = Release|Any CPU
		{66311BAC-5DD1-415D-A9C1-0051634D0FAE}.Release|Any CPU.Build.0 = Release|Any CPU
		{CE51C78D-5478-49F5-B42A-97A86724809A}.Debug|Any CPU.ActiveCfg = Debug|Any CPU
		{CE51C78D-5478-49F5-B42A-97A86724809A}.Debug|Any CPU.Build.0 = Debug|Any CPU
		{CE51C78D-5478-49F5-B42A-97A86724809A}.Release|Any CPU.ActiveCfg = Release|Any CPU
		{CE51C78D-5478-49F5-B42A-97A86724809A}.Release|Any CPU.Build.0 = Release|Any CPU
		{5A840CEE-48B9-463E-9DFC-D0C136531073}.Debug|Any CPU.ActiveCfg = Debug|Any CPU
		{5A840CEE-48B9-463E-9DFC-D0C136531073}.Debug|Any CPU.Build.0 = Debug|Any CPU
		{5A840CEE-48B9-463E-9DFC-D0C136531073}.Release|Any CPU.ActiveCfg = Release|Any CPU
		{5A840CEE-48B9-463E-9DFC-D0C136531073}.Release|Any CPU.Build.0 = Release|Any CPU
		{63F493AB-D96F-4523-A034-318818C4E787}.Debug|Any CPU.ActiveCfg = Debug|Any CPU
		{63F493AB-D96F-4523-A034-318818C4E787}.Debug|Any CPU.Build.0 = Debug|Any CPU
		{63F493AB-D96F-4523-A034-318818C4E787}.Release|Any CPU.ActiveCfg = Release|Any CPU
		{63F493AB-D96F-4523-A034-318818C4E787}.Release|Any CPU.Build.0 = Release|Any CPU
		{DA5EDC48-BF84-43A9-A9A3-93CCEBE374BB}.Debug|Any CPU.ActiveCfg = Debug|Any CPU
		{DA5EDC48-BF84-43A9-A9A3-93CCEBE374BB}.Debug|Any CPU.Build.0 = Debug|Any CPU
		{DA5EDC48-BF84-43A9-A9A3-93CCEBE374BB}.Release|Any CPU.ActiveCfg = Release|Any CPU
		{DA5EDC48-BF84-43A9-A9A3-93CCEBE374BB}.Release|Any CPU.Build.0 = Release|Any CPU
		{5662106B-CBEB-4727-A0F5-26D9250E1E41}.Debug|Any CPU.ActiveCfg = Debug|Any CPU
		{5662106B-CBEB-4727-A0F5-26D9250E1E41}.Debug|Any CPU.Build.0 = Debug|Any CPU
		{5662106B-CBEB-4727-A0F5-26D9250E1E41}.Release|Any CPU.ActiveCfg = Release|Any CPU
		{5662106B-CBEB-4727-A0F5-26D9250E1E41}.Release|Any CPU.Build.0 = Release|Any CPU
		{5C815D79-62FD-4D88-91CB-513C4D6DDA26}.Debug|Any CPU.ActiveCfg = Debug|Any CPU
		{5C815D79-62FD-4D88-91CB-513C4D6DDA26}.Debug|Any CPU.Build.0 = Debug|Any CPU
		{5C815D79-62FD-4D88-91CB-513C4D6DDA26}.Release|Any CPU.ActiveCfg = Release|Any CPU
		{5C815D79-62FD-4D88-91CB-513C4D6DDA26}.Release|Any CPU.Build.0 = Release|Any CPU
		{EF1032FE-FEFA-4A71-AA2C-C32F8B68AFEF}.Debug|Any CPU.ActiveCfg = Debug|Any CPU
		{EF1032FE-FEFA-4A71-AA2C-C32F8B68AFEF}.Debug|Any CPU.Build.0 = Debug|Any CPU
		{EF1032FE-FEFA-4A71-AA2C-C32F8B68AFEF}.Release|Any CPU.ActiveCfg = Release|Any CPU
		{EF1032FE-FEFA-4A71-AA2C-C32F8B68AFEF}.Release|Any CPU.Build.0 = Release|Any CPU
		{A32C468F-BBB9-4222-AEC6-A37FD7CCB0D7}.Debug|Any CPU.ActiveCfg = Debug|Any CPU
		{A32C468F-BBB9-4222-AEC6-A37FD7CCB0D7}.Debug|Any CPU.Build.0 = Debug|Any CPU
		{A32C468F-BBB9-4222-AEC6-A37FD7CCB0D7}.Release|Any CPU.ActiveCfg = Release|Any CPU
		{A32C468F-BBB9-4222-AEC6-A37FD7CCB0D7}.Release|Any CPU.Build.0 = Release|Any CPU
		{11D9E11F-7A25-4182-8348-35E32E2D299E}.Debug|Any CPU.ActiveCfg = Debug|Any CPU
		{11D9E11F-7A25-4182-8348-35E32E2D299E}.Debug|Any CPU.Build.0 = Debug|Any CPU
		{11D9E11F-7A25-4182-8348-35E32E2D299E}.Release|Any CPU.ActiveCfg = Release|Any CPU
		{11D9E11F-7A25-4182-8348-35E32E2D299E}.Release|Any CPU.Build.0 = Release|Any CPU
	EndGlobalSection
	GlobalSection(SolutionProperties) = preSolution
		HideSolutionNode = FALSE
	EndGlobalSection
	GlobalSection(NestedProjects) = preSolution
		{4972D7CF-139D-4B6E-84D7-20FBC671B6B3} = {BD442C87-256B-4E97-B0E7-2C2ED805CF90}
		{CE17A486-B525-43F2-A05E-621A09C96036} = {BD442C87-256B-4E97-B0E7-2C2ED805CF90}
		{84630A8A-5682-4492-8A9E-AE33DFBE5C92} = {BD442C87-256B-4E97-B0E7-2C2ED805CF90}
		{9002A06E-634C-40C9-94F0-A70DBA4A74A5} = {BD442C87-256B-4E97-B0E7-2C2ED805CF90}
		{284BC079-55BB-4C5E-98C7-AD9D735B7E68} = {BD442C87-256B-4E97-B0E7-2C2ED805CF90}
		{FA63C451-F375-43ED-91F9-1F532A907F24} = {5FCB4858-24AF-4CBA-906B-ACB22D66913A}
		{D836DC5D-2AF1-4CBA-BAEC-4CA8F4B232CA} = {5FCB4858-24AF-4CBA-906B-ACB22D66913A}
		{D942003B-4A90-4497-AE42-4851460D673F} = {5FCB4858-24AF-4CBA-906B-ACB22D66913A}
		{08794079-BD06-4197-BE31-176EB37854BB} = {5FCB4858-24AF-4CBA-906B-ACB22D66913A}
		{66311BAC-5DD1-415D-A9C1-0051634D0FAE} = {5FCB4858-24AF-4CBA-906B-ACB22D66913A}
		{CE51C78D-5478-49F5-B42A-97A86724809A} = {FF1E6E32-49E4-483A-BE02-F426DBA5D06D}
		{5A840CEE-48B9-463E-9DFC-D0C136531073} = {FF1E6E32-49E4-483A-BE02-F426DBA5D06D}
		{63F493AB-D96F-4523-A034-318818C4E787} = {FF1E6E32-49E4-483A-BE02-F426DBA5D06D}
		{DA5EDC48-BF84-43A9-A9A3-93CCEBE374BB} = {FF1E6E32-49E4-483A-BE02-F426DBA5D06D}
		{5662106B-CBEB-4727-A0F5-26D9250E1E41} = {C6AA8B86-E107-4914-91DC-AFFA63EB643E}
		{5C815D79-62FD-4D88-91CB-513C4D6DDA26} = {C6AA8B86-E107-4914-91DC-AFFA63EB643E}
		{EF1032FE-FEFA-4A71-AA2C-C32F8B68AFEF} = {C6AA8B86-E107-4914-91DC-AFFA63EB643E}
		{A32C468F-BBB9-4222-AEC6-A37FD7CCB0D7} = {C6AA8B86-E107-4914-91DC-AFFA63EB643E}
		{11D9E11F-7A25-4182-8348-35E32E2D299E} = {CFA746D3-A2D0-4335-A88D-137FF7244416}
	EndGlobalSection
	GlobalSection(ExtensibilityGlobals) = postSolution
		SolutionGuid = {C1B09627-E32B-4C0B-86C9-7D7D87AA23EC}
	EndGlobalSection
EndGlobal
